
Microsoft Visual Studio Solution File, Format Version 12.00
# Visual Studio Version 16
VisualStudioVersion = 16.0.30320.27
MinimumVisualStudioVersion = 10.0.40219.1
Project("{FAE04EC0-301F-11D3-BF4B-00C04F79EFBC}") = "LuckyCapture", "LuckyCapture\LuckyCapture.csproj", "{19FEEF4E-965A-4040-B7CD-BFD9D1195D0A}"
EndProject
Global
	GlobalSection(SolutionConfigurationPlatforms) = preSolution
		Debug|Any CPU = Debug|Any CPU
		Release|Any CPU = Release|Any CPU
	EndGlobalSection
	GlobalSection(ProjectConfigurationPlatforms) = postSolution
		{19FEEF4E-965A-4040-B7CD-BFD9D1195D0A}.Debug|Any CPU.ActiveCfg = Debug|Any CPU
		{19FEEF4E-965A-4040-B7CD-BFD9D1195D0A}.Debug|Any CPU.Build.0 = Debug|Any CPU
		{19FEEF4E-965A-4040-B7CD-BFD9D1195D0A}.Release|Any CPU.ActiveCfg = Release|Any CPU
		{19FEEF4E-965A-4040-B7CD-BFD9D1195D0A}.Release|Any CPU.Build.0 = Release|Any CPU
	EndGlobalSection
	GlobalSection(SolutionProperties) = preSolution
		HideSolutionNode = FALSE
	EndGlobalSection
	GlobalSection(ExtensibilityGlobals) = postSolution
		SolutionGuid = {F08A1EE8-F875-4351-BEDF-9E6CBE03D640}
	EndGlobalSection
EndGlobal
